
Microsoft Visual Studio Solution File, Format Version 12.00
# Visual Studio Version 17
VisualStudioVersion = 17.5.002.0
MinimumVisualStudioVersion = 10.0.40219.1
Project("{9A19103F-16F7-4668-BE54-9A1E7A4F7556}") = "Sempi5", "Sempi5.csproj", "{BC28678F-4B80-44EC-967E-1B97002543F0}"
EndProject
Global
	GlobalSection(SolutionConfigurationPlatforms) = preSolution
		Debug|Any CPU = Debug|Any CPU
		Release|Any CPU = Release|Any CPU
	EndGlobalSection
	GlobalSection(ProjectConfigurationPlatforms) = postSolution
		{BC28678F-4B80-44EC-967E-1B97002543F0}.Debug|Any CPU.ActiveCfg = Debug|Any CPU
		{BC28678F-4B80-44EC-967E-1B97002543F0}.Debug|Any CPU.Build.0 = Debug|Any CPU
		{BC28678F-4B80-44EC-967E-1B97002543F0}.Release|Any CPU.ActiveCfg = Release|Any CPU
		{BC28678F-4B80-44EC-967E-1B97002543F0}.Release|Any CPU.Build.0 = Release|Any CPU
	EndGlobalSection
	GlobalSection(SolutionProperties) = preSolution
		HideSolutionNode = FALSE
	EndGlobalSection
	GlobalSection(ExtensibilityGlobals) = postSolution
		SolutionGuid = {E27E23A7-B750-4B4D-B69A-34E507D7FC54}
	EndGlobalSection
EndGlobal
